Microsoft Visual Studio Solution File, Format Version 12.00
# Visual Studio Version 17
VisualStudioVersion = 17.5.2.0
MinimumVisualStudioVersion = 10.0.40219.1
Project("{FAE04EC0-301F-11D3-BF4B-00C04F79EFBC}") = "DocumentCollector", "DocumentCollector\DocumentCollector.csproj", "{51937750-3F9F-AEE1-D1F5-8110FCC787BE}"
EndProject
Global
	GlobalSection(SolutionConfigurationPlatforms) = preSolution
		Debug|Any CPU = Debug|Any CPU
		Release|Any CPU = Release|Any CPU
	EndGlobalSection
	GlobalSection(ProjectConfigurationPlatforms) = postSolution
		{51937750-3F9F-AEE1-D1F5-8110FCC787BE}.Debug|Any CPU.ActiveCfg = Debug|Any CPU
		{51937750-3F9F-AEE1-D1F5-8110FCC787BE}.Debug|Any CPU.Build.0 = Debug|Any CPU
		{51937750-3F9F-AEE1-D1F5-8110FCC787BE}.Release|Any CPU.ActiveCfg = Release|Any CPU
		{51937750-3F9F-AEE1-D1F5-8110FCC787BE}.Release|Any CPU.Build.0 = Release|Any CPU
	EndGlobalSection
	GlobalSection(SolutionProperties) = preSolution
		HideSolutionNode = FALSE
	EndGlobalSection
	GlobalSection(ExtensibilityGlobals) = postSolution
		SolutionGuid = {E01A1E75-0652-4282-B1B9-46CF13876354}
	EndGlobalSection
EndGlobal
